// !$*UTF8*$!
{
	archiveVersion = 1;
	classes = {
	};
	objectVersion = 56;
	objects = {

/* Begin PBXBuildFile section */
		3B1633FB2995761C00A2DACA /* HabitDetail.swift in Sources */ = {isa = PBXBuildFile; fileRef = 3B1633FA2995761B00A2DACA /* HabitDetail.swift */; };
		3BD3B5D229937C7B0078B9BC /* Blitz_HabitApp.swift in Sources */ = {isa = PBXBuildFile; fileRef = 3BD3B5D129937C7B0078B9BC /* Blitz_HabitApp.swift */; };
		3BD3B5D429937C7B0078B9BC /* ContentView.swift in Sources */ = {isa = PBXBuildFile; fileRef = 3BD3B5D329937C7B0078B9BC /* ContentView.swift */; };
		3BD3B5D629937C7E0078B9BC /* Assets.xcassets in Resources */ = {isa = PBXBuildFile; fileRef = 3BD3B5D529937C7E0078B9BC /* Assets.xcassets */; };
		3BD3B5D929937C7E0078B9BC /* Preview Assets.xcassets in Resources */ = {isa = PBXBuildFile; fileRef = 3BD3B5D829937C7E0078B9BC /* Preview Assets.xcassets */; };
		3BD3B5E02993A8960078B9BC /* Habit.swift in Sources */ = {isa = PBXBuildFile; fileRef = 3BD3B5DF2993A8960078B9BC /* Habit.swift */; };
		3BD3B5E22993A9680078B9BC /* HabitList.swift in Sources */ = {isa = PBXBuildFile; fileRef = 3BD3B5E12993A9680078B9BC /* HabitList.swift */; };
		3BD3B5E42993B26A0078B9BC /* HabitGrid.swift in Sources */ = {isa = PBXBuildFile; fileRef = 3BD3B5E32993B26A0078B9BC /* HabitGrid.swift */; };
		3BD3B5E6299429600078B9BC /* AddHabitUI.swift in Sources */ = {isa = PBXBuildFile; fileRef = 3BD3B5E52994295F0078B9BC /* AddHabitUI.swift */; };
/* End PBXBuildFile section */

/* Begin PBXFileReference section */
		3B1633FA2995761B00A2DACA /* HabitDetail.swift */ = {isa = PBXFileReference; lastKnownFileType = sourcecode.swift; path = HabitDetail.swift; sourceTree = "<group>"; };
		3BD3B5CE29937C7B0078B9BC /* Blitz Habit.app */ = {isa = PBXFileReference; explicitFileType = wrapper.application; includeInIndex = 0; path = "Blitz Habit.app"; sourceTree = BUILT_PRODUCTS_DIR; };
		3BD3B5D129937C7B0078B9BC /* Blitz_HabitApp.swift */ = {isa = PBXFileReference; lastKnownFileType = sourcecode.swift; path = Blitz_HabitApp.swift; sourceTree = "<group>"; };
		3BD3B5D329937C7B0078B9BC /* ContentView.swift */ = {isa = PBXFileReference; lastKnownFileType = sourcecode.swift; path = ContentView.swift; sourceTree = "<group>"; };
		3BD3B5D529937C7E0078B9BC /* Assets.xcassets */ = {isa = PBXFileReference; lastKnownFileType = folder.assetcatalog; path = Assets.xcassets; sourceTree = "<group>"; };
		3BD3B5D829937C7E0078B9BC /* Preview Assets.xcassets */ = {isa = PBXFileReference; lastKnownFileType = folder.assetcatalog; path = "Preview Assets.xcassets"; sourceTree = "<group>"; };
		3BD3B5DF2993A8960078B9BC /* Habit.swift */ = {isa = PBXFileReference; lastKnownFileType = sourcecode.swift; path = Habit.swift; sourceTree = "<group>"; };
		3BD3B5E12993A9680078B9BC /* HabitList.swift */ = {isa = PBXFileReference; lastKnownFileType = sourcecode.swift; path = HabitList.swift; sourceTree = "<group>"; };
		3BD3B5E32993B26A0078B9BC /* HabitGrid.swift */ = {isa = PBXFileReference; lastKnownFileType = sourcecode.swift; path = HabitGrid.swift; sourceTree = "<group>"; };
		3BD3B5E52994295F0078B9BC /* AddHabitUI.swift */ = {isa = PBXFileReference; lastKnownFileType = sourcecode.swift; path = AddHabitUI.swift; sourceTree = "<group>"; };
/* End PBXFileReference section */

/* Begin PBXFrameworksBuildPhase section */
		3BD3B5CB29937C7B0078B9BC /* Frameworks */ = {
			isa = PBXFrameworksBuildPhase;
			buildActionMask = 2147483647;
			files = (
			);
			runOnlyForDeploymentPostprocessing = 0;
		};
/* End PBXFrameworksBuildPhase section */

/* Begin PBXGroup section */
		3BD3B5C529937C7B0078B9BC = {
			isa = PBXGroup;
			children = (
				3BD3B5D029937C7B0078B9BC /* Blitz Habit */,
				3BD3B5CF29937C7B0078B9BC /* Products */,
			);
			sourceTree = "<group>";
		};
		3BD3B5CF29937C7B0078B9BC /* Products */ = {
			isa = PBXGroup;
			children = (
				3BD3B5CE29937C7B0078B9BC /* Blitz Habit.app */,
			);
			name = Products;
			sourceTree = "<group>";
		};
		3BD3B5D029937C7B0078B9BC /* Blitz Habit */ = {
			isa = PBXGroup;
			children = (
				3BD3B5D129937C7B0078B9BC /* Blitz_HabitApp.swift */,
				3BD3B5D329937C7B0078B9BC /* ContentView.swift */,
				3B1633FA2995761B00A2DACA /* HabitDetail.swift */,
				3BD3B5E52994295F0078B9BC /* AddHabitUI.swift */,
				3BD3B5E32993B26A0078B9BC /* HabitGrid.swift */,
				3BD3B5DF2993A8960078B9BC /* Habit.swift */,
				3BD3B5E12993A9680078B9BC /* HabitList.swift */,
				3BD3B5D529937C7E0078B9BC /* Assets.xcassets */,
				3BD3B5D729937C7E0078B9BC /* Preview Content */,
			);
			path = "Blitz Habit";
			sourceTree = "<group>";
		};
		3BD3B5D729937C7E0078B9BC /* Preview Content */ = {
			isa = PBXGroup;
			children = (
				3BD3B5D829937C7E0078B9BC /* Preview Assets.xcassets */,
			);
			path = "Preview Content";
			sourceTree = "<group>";
		};
/* End PBXGroup section */

/* Begin PBXNativeTarget section */
		3BD3B5CD29937C7B0078B9BC /* Blitz Habit */ = {
			isa = PBXNativeTarget;
			buildConfigurationList = 3BD3B5DC29937C7E0078B9BC /* Build configuration list for PBXNativeTarget "Blitz Habit" */;
			buildPhases = (
				3BD3B5CA29937C7B0078B9BC /* Sources */,
				3BD3B5CB29937C7B0078B9BC /* Frameworks */,
				3BD3B5CC29937C7B0078B9BC /* Resources */,
			);
			buildRules = (
			);
			dependencies = (
			);
			name = "Blitz Habit";
			productName = "Blitz Habit";
			productReference = 3BD3B5CE29937C7B0078B9BC /* Blitz Habit.app */;
			productType = "com.apple.product-type.application";
		};
/* End PBXNativeTarget section */

/* Begin PBXProject section */
		3BD3B5C629937C7B0078B9BC /* Project object */ = {
			isa = PBXProject;
			attributes = {
				BuildIndependentTargetsInParallel = 1;
				LastSwiftUpdateCheck = 1410;
				LastUpgradeCheck = 1410;
				TargetAttributes = {
					3BD3B5CD29937C7B0078B9BC = {
						CreatedOnToolsVersion = 14.1;
					};
				};
			};
			buildConfigurationList = 3BD3B5C929937C7B0078B9BC /* Build configuration list for PBXProject "Blitz Habit" */;
			compatibilityVersion = "Xcode 14.0";
			developmentRegion = en;
			hasScannedForEncodings = 0;
			knownRegions = (
				en,
				Base,
			);
			mainGroup = 3BD3B5C529937C7B0078B9BC;
			productRefGroup = 3BD3B5CF29937C7B0078B9BC /* Products */;
			projectDirPath = "";
			projectRoot = "";
			targets = (
				3BD3B5CD29937C7B0078B9BC /* Blitz Habit */,
			);
		};
/* End PBXProject section */

/* Begin PBXResourcesBuildPhase section */
		3BD3B5CC29937C7B0078B9BC /* Resources */ = {
			isa = PBXResourcesBuildPhase;
			buildActionMask = 2147483647;
			files = (
				3BD3B5D929937C7E0078B9BC /* Preview Assets.xcassets in Resources */,
				3BD3B5D629937C7E0078B9BC /* Assets.xcassets in Resources */,
			);
			runOnlyForDeploymentPostprocessing = 0;
		};
/* End PBXResourcesBuildPhase section */

/* Begin PBXSourcesBuildPhase section */
		3BD3B5CA29937C7B0078B9BC /* Sources */ = {
			isa = PBXSourcesBuildPhase;
			buildActionMask = 2147483647;
			files = (
				3BD3B5E02993A8960078B9BC /* Habit.swift in Sources */,
				3BD3B5D429937C7B0078B9BC /* ContentView.swift in Sources */,
				3BD3B5E22993A9680078B9BC /* HabitList.swift in Sources */,
				3B1633FB2995761C00A2DACA /* HabitDetail.swift in Sources */,
				3BD3B5D229937C7B0078B9BC /* Blitz_HabitApp.swift in Sources */,
				3BD3B5E6299429600078B9BC /* AddHabitUI.swift in Sources */,
				3BD3B5E42993B26A0078B9BC /* HabitGrid.swift in Sources */,
			);
			runOnlyForDeploymentPostprocessing = 0;
		};
/* End PBXSourcesBuildPhase section */

/* Begin XCBuildConfiguration section */
		3BD3B5DA29937C7E0078B9BC /* Debug */ = {
			isa = XCBuildConfiguration;
			buildSettings = {
				ALWAYS_SEARCH_USER_PATHS = NO;
				CLANG_ANALYZER_NONNULL = YES;
				CLANG_ANALYZER_NUMBER_OBJECT_CONVERSION = YES_AGGRESSIVE;
				CLANG_CXX_LANGUAGE_STANDARD = "gnu++20";
				CLANG_ENABLE_MODULES = YES;
				CLANG_ENABLE_OBJC_ARC = YES;
				CLANG_ENABLE_OBJC_WEAK = YES;
				CLANG_WARN_BLOCK_CAPTURE_AUTORELEASING = YES;
				CLANG_WARN_BOOL_CONVERSION = YES;
				CLANG_WARN_COMMA = YES;
				CLANG_WARN_CONSTANT_CONVERSION = YES;
				CLANG_WARN_DEPRECATED_OBJC_IMPLEMENTATIONS = YES;
				CLANG_WARN_DIRECT_OBJC_ISA_USAGE = YES_ERROR;
				CLANG_WARN_DOCUMENTATION_COMMENTS = YES;
				CLANG_WARN_EMPTY_BODY = YES;
				CLANG_WARN_ENUM_CONVERSION = YES;
				CLANG_WARN_INFINITE_RECURSION = YES;
				CLANG_WARN_INT_CONVERSION = YES;
				CLANG_WARN_NON_LITERAL_NULL_CONVERSION = YES;
				CLANG_WARN_OBJC_IMPLICIT_RETAIN_SELF = YES;
				CLANG_WARN_OBJC_LITERAL_CONVERSION = YES;
				CLANG_WARN_OBJC_ROOT_CLASS = YES_ERROR;
				CLANG_WARN_QUOTED_INCLUDE_IN_FRAMEWORK_HEADER = YES;
				CLANG_WARN_RANGE_LOOP_ANALYSIS = YES;
				CLANG_WARN_STRICT_PROTOTYPES = YES;
				CLANG_WARN_SUSPICIOUS_MOVE = YES;
				CLANG_WARN_UNGUARDED_AVAILABILITY = YES_AGGRESSIVE;
				CLANG_WARN_UNREACHABLE_CODE = YES;
				CLANG_WARN__DUPLICATE_METHOD_MATCH = YES;
				COPY_PHASE_STRIP = NO;
				DEBUG_INFORMATION_FORMAT = dwarf;
				ENABLE_STRICT_OBJC_MSGSEND = YES;
				ENABLE_TESTABILITY = YES;
				GCC_C_LANGUAGE_STANDARD = gnu11;
				GCC_DYNAMIC_NO_PIC = NO;
				GCC_NO_COMMON_BLOCKS = YES;
				GCC_OPTIMIZATION_LEVEL = 0;
				GCC_PREPROCESSOR_DEFINITIONS = (
					"DEBUG=1",
					"$(inherited)",
				);
				GCC_WARN_64_TO_32_BIT_CONVERSION = YES;
				GCC_WARN_ABOUT_RETURN_TYPE = YES_ERROR;
				GCC_WARN_UNDECLARED_SELECTOR = YES;
				GCC_WARN_UNINITIALIZED_AUTOS = YES_AGGRESSIVE;
				GCC_WARN_UNUSED_FUNCTION = YES;
				GCC_WARN_UNUSED_VARIABLE = YES;
				IPHONEOS_DEPLOYMENT_TARGET = 15.0;
				MTL_ENABLE_DEBUG_INFO = INCLUDE_SOURCE;
				MTL_FAST_MATH = YES;
				ONLY_ACTIVE_ARCH = YES;
				SDKROOT = iphoneos;
				SWIFT_ACTIVE_COMPILATION_CONDITIONS = DEBUG;
				SWIFT_OPTIMIZATION_LEVEL = "-Onone";
			};
			name = Debug;
		};
		3BD3B5DB29937C7E0078B9BC /* Release */ = {
			isa = XCBuildConfiguration;
			buildSettings = {
				ALWAYS_SEARCH_USER_PATHS = NO;
				CLANG_ANALYZER_NONNULL = YES;
				CLANG_ANALYZER_NUMBER_OBJECT_CONVERSION = YES_AGGRESSIVE;
				CLANG_CXX_LANGUAGE_STANDARD = "gnu++20";
				CLANG_ENABLE_MODULES = YES;
				CLANG_ENABLE_OBJC_ARC = YES;
				CLANG_ENABLE_OBJC_WEAK = YES;
				CLANG_WARN_BLOCK_CAPTURE_AUTORELEASING = YES;
				CLANG_WARN_BOOL_CONVERSION = YES;
				CLANG_WARN_COMMA = YES;
				CLANG_WARN_CONSTANT_CONVERSION = YES;
				CLANG_WARN_DEPRECATED_OBJC_IMPLEMENTATIONS = YES;
				CLANG_WARN_DIRECT_OBJC_ISA_USAGE = YES_ERROR;
				CLANG_WARN_DOCUMENTATION_COMMENTS = YES;
				CLANG_WARN_EMPTY_BODY = YES;
				CLANG_WARN_ENUM_CONVERSION = YES;
				CLANG_WARN_INFINITE_RECURSION = YES;
				CLANG_WARN_INT_CONVERSION = YES;
				CLANG_WARN_NON_LITERAL_NULL_CONVERSION = YES;
				CLANG_WARN_OBJC_IMPLICIT_RETAIN_SELF = YES;
				CLANG_WARN_OBJC_LITERAL_CONVERSION = YES;
				CLANG_WARN_OBJC_ROOT_CLASS = YES_ERROR;
				CLANG_WARN_QUOTED_INCLUDE_IN_FRAMEWORK_HEADER = YES;
				CLANG_WARN_RANGE_LOOP_ANALYSIS = YES;
				CLANG_WARN_STRICT_PROTOTYPES = YES;
				CLANG_WARN_SUSPICIOUS_MOVE = YES;
				CLANG_WARN_UNGUARDED_AVAILABILITY = YES_AGGRESSIVE;
				CLANG_WARN_UNREACHABLE_CODE = YES;
				CLANG_WARN__DUPLICATE_METHOD_MATCH = YES;
				COPY_PHASE_STRIP = NO;
				DEBUG_INFORMATION_FORMAT = "dwarf-with-dsym";
				ENABLE_NS_ASSERTIONS = NO;
				ENABLE_STRICT_OBJC_MSGSEND = YES;
				GCC_C_LANGUAGE_STANDARD = gnu11;
				GCC_NO_COMMON_BLOCKS = YES;
				GCC_WARN_64_TO_32_BIT_CONVERSION = YES;
				GCC_WARN_ABOUT_RETURN_TYPE = YES_ERROR;
				GCC_WARN_UNDECLARED_SELECTOR = YES;
				GCC_WARN_UNINITIALIZED_AUTOS = YES_AGGRESSIVE;
				GCC_WARN_UNUSED_FUNCTION = YES;
				GCC_WARN_UNUSED_VARIABLE = YES;
				IPHONEOS_DEPLOYMENT_TARGET = 15.0;
				MTL_ENABLE_DEBUG_INFO = NO;
				MTL_FAST_MATH = YES;
				SDKROOT = iphoneos;
				SWIFT_COMPILATION_MODE = wholemodule;
				SWIFT_OPTIMIZATION_LEVEL = "-O";
				VALIDATE_PRODUCT = YES;
			};
			name = Release;
		};
		3BD3B5DD29937C7E0078B9BC /* Debug */ = {
			isa = XCBuildConfiguration;
			buildSettings = {
				ASSETCATALOG_COMPILER_APPICON_NAME = AppIcon;
				ASSETCATALOG_COMPILER_GLOBAL_ACCENT_COLOR_NAME = AccentColor;
				CODE_SIGN_STYLE = Automatic;
				CURRENT_PROJECT_VERSION = 1;
				DEVELOPMENT_ASSET_PATHS = "\"Blitz Habit/Preview Content\"";
				DEVELOPMENT_TEAM = WRS3T8X46H;
				ENABLE_PREVIEWS = YES;
				GENERATE_INFOPLIST_FILE = YES;
				INFOPLIST_KEY_UIApplicationSceneManifest_Generation = YES;
				INFOPLIST_KEY_UIApplicationSupportsIndirectInputEvents = YES;
				INFOPLIST_KEY_UILaunchScreen_Generation = YES;
				INFOPLIST_KEY_UISupportedInterfaceOrientations_iPad = "UIInterfaceOrientationPortrait UIInterfaceOrientationPortraitUpsideDown UIInterfaceOrientationLandscapeLeft UIInterfaceOrientationLandscapeRight";
				INFOPLIST_KEY_UISupportedInterfaceOrientations_iPhone = "UIInterfaceOrientationPortrait UIInterfaceOrientationLandscapeLeft UIInterfaceOrientationLandscapeRight";
				LD_RUNPATH_SEARCH_PATHS = (
					"$(inherited)",
					"@executable_path/Frameworks",
				);
				MARKETING_VERSION = 1.0;
				PRODUCT_BUNDLE_IDENTIFIER = "com.banaona.Blitz-Habit";
				PRODUCT_NAME = "$(TARGET_NAME)";
				SWIFT_EMIT_LOC_STRINGS = YES;
				SWIFT_VERSION = 5.0;
				TARGETED_DEVICE_FAMILY = "1,2";
			};
			name = Debug;
		};
		3BD3B5DE29937C7E0078B9BC /* Release */ = {
			isa = XCBuildConfiguration;
			buildSettings = {
				ASSETCATALOG_COMPILER_APPICON_NAME = AppIcon;
				ASSETCATALOG_COMPILER_GLOBAL_ACCENT_COLOR_NAME = AccentColor;
				CODE_SIGN_STYLE = Automatic;
				CURRENT_PROJECT_VERSION = 1;
				DEVELOPMENT_ASSET_PATHS = "\"Blitz Habit/Preview Content\"";
				DEVELOPMENT_TEAM = WRS3T8X46H;
				ENABLE_PREVIEWS = YES;
				GENERATE_INFOPLIST_FILE = YES;
				INFOPLIST_KEY_UIApplicationSceneManifest_Generation = YES;
				INFOPLIST_KEY_UIApplicationSupportsIndirectInputEvents = YES;
				INFOPLIST_KEY_UILaunchScreen_Generation = YES;
				INFOPLIST_KEY_UISupportedInterfaceOrientations_iPad = "UIInterfaceOrientationPortrait UIInterfaceOrientationPortraitUpsideDown UIInterfaceOrientationLandscapeLeft UIInterfaceOrientationLandscapeRight";
				INFOPLIST_KEY_UISupportedInterfaceOrientations_iPhone = "UIInterfaceOrientationPortrait UIInterfaceOrientationLandscapeLeft UIInterfaceOrientationLandscapeRight";
				LD_RUNPATH_SEARCH_PATHS = (
					"$(inherited)",
					"@executable_path/Frameworks",
				);
				MARKETING_VERSION = 1.0;
				PRODUCT_BUNDLE_IDENTIFIER = "com.banaona.Blitz-Habit";
				PRODUCT_NAME = "$(TARGET_NAME)";
				SWIFT_EMIT_LOC_STRINGS = YES;
				SWIFT_VERSION = 5.0;
				TARGETED_DEVICE_FAMILY = "1,2";
			};
			name = Release;
		};
/* End XCBuildConfiguration section */

/* Begin XCConfigurationList section */
		3BD3B5C929937C7B0078B9BC /* Build configuration list for PBXProject "Blitz Habit" */ = {
			isa = XCConfigurationList;
			buildConfigurations = (
				3BD3B5DA29937C7E0078B9BC /* Debug */,
				3BD3B5DB29937C7E0078B9BC /* Release */,
			);
			defaultConfigurationIsVisible = 0;
			defaultConfigurationName = Release;
		};
		3BD3B5DC29937C7E0078B9BC /* Build configuration list for PBXNativeTarget "Blitz Habit" */ = {
			isa = XCConfigurationList;
			buildConfigurations = (
				3BD3B5DD29937C7E0078B9BC /* Debug */,
				3BD3B5DE29937C7E0078B9BC /* Release */,
			);
			defaultConfigurationIsVisible = 0;
			defaultConfigurationName = Release;
		};
/* End XCConfigurationList section */
	};
	rootObject = 3BD3B5C629937C7B0078B9BC /* Project object */;
}
